
Microsoft Visual Studio Solution File, Format Version 12.00
# Visual Studio Version 16
VisualStudioVersion = 16.0.31729.503
MinimumVisualStudioVersion = 10.0.40219.1
Project("{8BC9CEB8-8B4A-11D0-8D11-00A0C91BC942}") = "ch8_SysMon", "ch8_SysMon\ch8_SysMon.vcxproj", "{417CE66A-10FA-45D6-B5A3-063DA4766F79}"
EndProject
Project("{8BC9CEB8-8B4A-11D0-8D11-00A0C91BC942}") = "SysMonClient", "SysMonClient\SysMonClient.vcxproj", "{AFEE4E28-4377-490F-AE8B-8735310BD6E6}"
EndProject
Global
	GlobalSection(SolutionConfigurationPlatforms) = preSolution
		Debug|ARM = Debug|ARM
		Debug|ARM64 = Debug|ARM64
		Debug|x64 = Debug|x64
		Debug|x86 = Debug|x86
		Release|ARM = Release|ARM
		Release|ARM64 = Release|ARM64
		Release|x64 = Release|x64
		Release|x86 = Release|x86
	EndGlobalSection
	GlobalSection(ProjectConfigurationPlatforms) = postSolution
		{417CE66A-10FA-45D6-B5A3-063DA4766F79}.Debug|ARM.ActiveCfg = Debug|ARM
		{417CE66A-10FA-45D6-B5A3-063DA4766F79}.Debug|ARM.Build.0 = Debug|ARM
		{417CE66A-10FA-45D6-B5A3-063DA4766F79}.Debug|ARM.Deploy.0 = Debug|ARM
		{417CE66A-10FA-45D6-B5A3-063DA4766F79}.Debug|ARM64.ActiveCfg = Debug|ARM64
		{417CE66A-10FA-45D6-B5A3-063DA4766F79}.Debug|ARM64.Build.0 = Debug|ARM64
		{417CE66A-10FA-45D6-B5A3-063DA4766F79}.Debug|ARM64.Deploy.0 = Debug|ARM64
		{417CE66A-10FA-45D6-B5A3-063DA4766F79}.Debug|x64.ActiveCfg = Debug|x64
		{417CE66A-10FA-45D6-B5A3-063DA4766F79}.Debug|x64.Build.0 = Debug|x64
		{417CE66A-10FA-45D6-B5A3-063DA4766F79}.Debug|x64.Deploy.0 = Debug|x64
		{417CE66A-10FA-45D6-B5A3-063DA4766F79}.Debug|x86.ActiveCfg = Debug|Win32
		{417CE66A-10FA-45D6-B5A3-063DA4766F79}.Debug|x86.Build.0 = Debug|Win32
		{417CE66A-10FA-45D6-B5A3-063DA4766F79}.Debug|x86.Deploy.0 = Debug|Win32
		{417CE66A-10FA-45D6-B5A3-063DA4766F79}.Release|ARM.ActiveCfg = Release|ARM
		{417CE66A-10FA-45D6-B5A3-063DA4766F79}.Release|ARM.Build.0 = Release|ARM
		{417CE66A-10FA-45D6-B5A3-063DA4766F79}.Release|ARM.Deploy.0 = Release|ARM
		{417CE66A-10FA-45D6-B5A3-063DA4766F79}.Release|ARM64.ActiveCfg = Release|ARM64
		{417CE66A-10FA-45D6-B5A3-063DA4766F79}.Release|ARM64.Build.0 = Release|ARM64
		{417CE66A-10FA-45D6-B5A3-063DA4766F79}.Release|ARM64.Deploy.0 = Release|ARM64
		{417CE66A-10FA-45D6-B5A3-063DA4766F79}.Release|x64.ActiveCfg = Release|x64
		{417CE66A-10FA-45D6-B5A3-063DA4766F79}.Release|x64.Build.0 = Release|x64
		{417CE66A-10FA-45D6-B5A3-063DA4766F79}.Release|x64.Deploy.0 = Release|x64
		{417CE66A-10FA-45D6-B5A3-063DA4766F79}.Release|x86.ActiveCfg = Release|Win32
		{417CE66A-10FA-45D6-B5A3-063DA4766F79}.Release|x86.Build.0 = Release|Win32
		{417CE66A-10FA-45D6-B5A3-063DA4766F79}.Release|x86.Deploy.0 = Release|Win32
		{AFEE4E28-4377-490F-AE8B-8735310BD6E6}.Debug|ARM.ActiveCfg = Debug|Win32
		{AFEE4E28-4377-490F-AE8B-8735310BD6E6}.Debug|ARM64.ActiveCfg = Debug|Win32
		{AFEE4E28-4377-490F-AE8B-8735310BD6E6}.Debug|x64.ActiveCfg = Debug|x64
		{AFEE4E28-4377-490F-AE8B-8735310BD6E6}.Debug|x64.Build.0 = Debug|x64
		{AFEE4E28-4377-490F-AE8B-8735310BD6E6}.Debug|x86.ActiveCfg = Debug|Win32
		{AFEE4E28-4377-490F-AE8B-8735310BD6E6}.Debug|x86.Build.0 = Debug|Win32
		{AFEE4E28-4377-490F-AE8B-8735310BD6E6}.Release|ARM.ActiveCfg = Release|Win32
		{AFEE4E28-4377-490F-AE8B-8735310BD6E6}.Release|ARM64.ActiveCfg = Release|Win32
		{AFEE4E28-4377-490F-AE8B-8735310BD6E6}.Release|x64.ActiveCfg = Release|x64
		{AFEE4E28-4377-490F-AE8B-8735310BD6E6}.Release|x64.Build.0 = Release|x64
		{AFEE4E28-4377-490F-AE8B-8735310BD6E6}.Release|x86.ActiveCfg = Release|Win32
		{AFEE4E28-4377-490F-AE8B-8735310BD6E6}.Release|x86.Build.0 = Release|Win32
	EndGlobalSection
	GlobalSection(SolutionProperties) = preSolution
		HideSolutionNode = FALSE
	EndGlobalSection
	GlobalSection(ExtensibilityGlobals) = postSolution
		SolutionGuid = {2E6136DF-941F-442F-83DD-37048F795EC3}
	EndGlobalSection
EndGlobal
